// !$*UTF8*$!
{
	archiveVersion = 1;
	classes = {
	};
	objectVersion = 51;
	objects = {

/* Begin PBXBuildFile section */
		3A31C9D20D6E5036BEAC4FE5 /* Pods_Eventually.framework in Frameworks */ = {isa = PBXBuildFile; fileRef = 7107E80374576575F74A6F75 /* Pods_Eventually.framework */; };
		CE3E33A723A65822003C2744 /* AppDelegate.swift in Sources */ = {isa = PBXBuildFile; fileRef = CE3E33A623A65822003C2744 /* AppDelegate.swift */; };
		CE3E33A923A65822003C2744 /* SceneDelegate.swift in Sources */ = {isa = PBXBuildFile; fileRef = CE3E33A823A65822003C2744 /* SceneDelegate.swift */; };
		CE3E33B023A65822003C2744 /* Main.storyboard in Resources */ = {isa = PBXBuildFile; fileRef = CE3E33AE23A65822003C2744 /* Main.storyboard */; };
		CE3E33B223A65827003C2744 /* Assets.xcassets in Resources */ = {isa = PBXBuildFile; fileRef = CE3E33B123A65827003C2744 /* Assets.xcassets */; };
		CE3E33B523A65827003C2744 /* LaunchScreen.storyboard in Resources */ = {isa = PBXBuildFile; fileRef = CE3E33B323A65827003C2744 /* LaunchScreen.storyboard */; };
		CE3E33BF23A65948003C2744 /* MasterViewController.swift in Sources */ = {isa = PBXBuildFile; fileRef = CE3E33BE23A65948003C2744 /* MasterViewController.swift */; };
		CE3E33C123A65995003C2744 /* Event.swift in Sources */ = {isa = PBXBuildFile; fileRef = CE3E33C023A65995003C2744 /* Event.swift */; };
		CE3E33CD23A67027003C2744 /* EventTableViewCell.swift in Sources */ = {isa = PBXBuildFile; fileRef = CE3E33CB23A67027003C2744 /* EventTableViewCell.swift */; };
		CE3E33CE23A67027003C2744 /* EventTableViewCell.xib in Resources */ = {isa = PBXBuildFile; fileRef = CE3E33CC23A67027003C2744 /* EventTableViewCell.xib */; };
		CE3E33D023A67661003C2744 /* DateExtension.swift in Sources */ = {isa = PBXBuildFile; fileRef = CE3E33CF23A67661003C2744 /* DateExtension.swift */; };
		CE3E33D223A69ADF003C2744 /* DetailViewController.swift in Sources */ = {isa = PBXBuildFile; fileRef = CE3E33D123A69ADF003C2744 /* DetailViewController.swift */; };
		CE3E33D423A6A1BC003C2744 /* NewEventViewController.swift in Sources */ = {isa = PBXBuildFile; fileRef = CE3E33D323A6A1BC003C2744 /* NewEventViewController.swift */; };
		CE3E33D623A79F06003C2744 /* SplashViewController.swift in Sources */ = {isa = PBXBuildFile; fileRef = CE3E33D523A79F06003C2744 /* SplashViewController.swift */; };
		CE3E33D823A7A5C0003C2744 /* K.swift in Sources */ = {isa = PBXBuildFile; fileRef = CE3E33D723A7A5C0003C2744 /* K.swift */; };
		CE3E33DA23A7A7CB003C2744 /* SignInViewController.swift in Sources */ = {isa = PBXBuildFile; fileRef = CE3E33D923A7A7CB003C2744 /* SignInViewController.swift */; };
		CE3E33DC23A7A896003C2744 /* SignUpViewController.swift in Sources */ = {isa = PBXBuildFile; fileRef = CE3E33DB23A7A896003C2744 /* SignUpViewController.swift */; };
		CE85634123B560D6000241C2 /* DatePickerViewController.swift in Sources */ = {isa = PBXBuildFile; fileRef = CE85634023B560D6000241C2 /* DatePickerViewController.swift */; };
		CE85634323B5759F000241C2 /* SetReminderViewController.swift in Sources */ = {isa = PBXBuildFile; fileRef = CE85634223B5759F000241C2 /* SetReminderViewController.swift */; };
		CE89A69F23AF8F6100B70F39 /* LICENSE in Resources */ = {isa = PBXBuildFile; fileRef = CE89A69323AF8F6100B70F39 /* LICENSE */; };
		CE89A6A023AF8F6100B70F39 /* README.md in Resources */ = {isa = PBXBuildFile; fileRef = CE89A69423AF8F6100B70F39 /* README.md */; };
		CE89A6A123AF8F6100B70F39 /* CONTRIBUTING.md in Resources */ = {isa = PBXBuildFile; fileRef = CE89A69523AF8F6100B70F39 /* CONTRIBUTING.md */; };
		CE89A6A223AF8F6100B70F39 /* GADTMediumTemplateView.xib in Resources */ = {isa = PBXBuildFile; fileRef = CE89A69723AF8F6100B70F39 /* GADTMediumTemplateView.xib */; };
		CE89A6A323AF8F6100B70F39 /* GADTSmallTemplateView.m in Sources */ = {isa = PBXBuildFile; fileRef = CE89A69A23AF8F6100B70F39 /* GADTSmallTemplateView.m */; };
		CE89A6A423AF8F6100B70F39 /* GADTSmallTemplateView.xib in Resources */ = {isa = PBXBuildFile; fileRef = CE89A69B23AF8F6100B70F39 /* GADTSmallTemplateView.xib */; };
		CE89A6A523AF8F6100B70F39 /* GADTTemplateView.m in Sources */ = {isa = PBXBuildFile; fileRef = CE89A69C23AF8F6100B70F39 /* GADTTemplateView.m */; };
		CE89A6A623AF8F6100B70F39 /* GADTMediumTemplateView.m in Sources */ = {isa = PBXBuildFile; fileRef = CE89A69D23AF8F6100B70F39 /* GADTMediumTemplateView.m */; };
		CE89A6A823B2359D00B70F39 /* GoogleService-Info.plist in Resources */ = {isa = PBXBuildFile; fileRef = CE89A6A723B2359C00B70F39 /* GoogleService-Info.plist */; };
		CEEC771523B7C3FD00D2B91B /* WebKitViewController.swift in Sources */ = {isa = PBXBuildFile; fileRef = CEEC771423B7C3FD00D2B91B /* WebKitViewController.swift */; };
/* End PBXBuildFile section */

/* Begin PBXFileReference section */
		06129BA3E37DA287AF747AE6 /* Pods-Eventually.release.xcconfig */ = {isa = PBXFileReference; includeInIndex = 1; lastKnownFileType = text.xcconfig; name = "Pods-Eventually.release.xcconfig"; path = "Target Support Files/Pods-Eventually/Pods-Eventually.release.xcconfig"; sourceTree = "<group>"; };
		398CC2E6A9178A1821420E97 /* Pods-Eventually.debug.xcconfig */ = {isa = PBXFileReference; includeInIndex = 1; lastKnownFileType = text.xcconfig; name = "Pods-Eventually.debug.xcconfig"; path = "Target Support Files/Pods-Eventually/Pods-Eventually.debug.xcconfig"; sourceTree = "<group>"; };
		7107E80374576575F74A6F75 /* Pods_Eventually.framework */ = {isa = PBXFileReference; explicitFileType = wrapper.framework; includeInIndex = 0; path = Pods_Eventually.framework; sourceTree = BUILT_PRODUCTS_DIR; };
		CE3E33A323A65822003C2744 /* Eventually.app */ = {isa = PBXFileReference; explicitFileType = wrapper.application; includeInIndex = 0; path = Eventually.app; sourceTree = BUILT_PRODUCTS_DIR; };
		CE3E33A623A65822003C2744 /* AppDelegate.swift */ = {isa = PBXFileReference; lastKnownFileType = sourcecode.swift; path = AppDelegate.swift; sourceTree = "<group>"; };
		CE3E33A823A65822003C2744 /* SceneDelegate.swift */ = {isa = PBXFileReference; lastKnownFileType = sourcecode.swift; path = SceneDelegate.swift; sourceTree = "<group>"; };
		CE3E33AF23A65822003C2744 /* Base */ = {isa = PBXFileReference; lastKnownFileType = file.storyboard; name = Base; path = Base.lproj/Main.storyboard; sourceTree = "<group>"; };
		CE3E33B123A65827003C2744 /* Assets.xcassets */ = {isa = PBXFileReference; lastKnownFileType = folder.assetcatalog; path = Assets.xcassets; sourceTree = "<group>"; };
		CE3E33B423A65827003C2744 /* Base */ = {isa = PBXFileReference; lastKnownFileType = file.storyboard; name = Base; path = Base.lproj/LaunchScreen.storyboard; sourceTree = "<group>"; };
		CE3E33B623A65827003C2744 /* Info.plist */ = {isa = PBXFileReference; lastKnownFileType = text.plist.xml; path = Info.plist; sourceTree = "<group>"; };
		CE3E33BE23A65948003C2744 /* MasterViewController.swift */ = {isa = PBXFileReference; lastKnownFileType = sourcecode.swift; path = MasterViewController.swift; sourceTree = "<group>"; };
		CE3E33C023A65995003C2744 /* Event.swift */ = {isa = PBXFileReference; lastKnownFileType = sourcecode.swift; path = Event.swift; sourceTree = "<group>"; };
		CE3E33CB23A67027003C2744 /* EventTableViewCell.swift */ = {isa = PBXFileReference; lastKnownFileType = sourcecode.swift; path = EventTableViewCell.swift; sourceTree = "<group>"; };
		CE3E33CC23A67027003C2744 /* EventTableViewCell.xib */ = {isa = PBXFileReference; lastKnownFileType = file.xib; path = EventTableViewCell.xib; sourceTree = "<group>"; };
		CE3E33CF23A67661003C2744 /* DateExtension.swift */ = {isa = PBXFileReference; lastKnownFileType = sourcecode.swift; path = DateExtension.swift; sourceTree = "<group>"; };
		CE3E33D123A69ADF003C2744 /* DetailViewController.swift */ = {isa = PBXFileReference; lastKnownFileType = sourcecode.swift; path = DetailViewController.swift; sourceTree = "<group>"; };
		CE3E33D323A6A1BC003C2744 /* NewEventViewController.swift */ = {isa = PBXFileReference; lastKnownFileType = sourcecode.swift; path = NewEventViewController.swift; sourceTree = "<group>"; };
		CE3E33D523A79F06003C2744 /* SplashViewController.swift */ = {isa = PBXFileReference; lastKnownFileType = sourcecode.swift; path = SplashViewController.swift; sourceTree = "<group>"; };
		CE3E33D723A7A5C0003C2744 /* K.swift */ = {isa = PBXFileReference; lastKnownFileType = sourcecode.swift; path = K.swift; sourceTree = "<group>"; };
		CE3E33D923A7A7CB003C2744 /* SignInViewController.swift */ = {isa = PBXFileReference; lastKnownFileType = sourcecode.swift; path = SignInViewController.swift; sourceTree = "<group>"; };
		CE3E33DB23A7A896003C2744 /* SignUpViewController.swift */ = {isa = PBXFileReference; lastKnownFileType = sourcecode.swift; path = SignUpViewController.swift; sourceTree = "<group>"; };
		CE85634023B560D6000241C2 /* DatePickerViewController.swift */ = {isa = PBXFileReference; lastKnownFileType = sourcecode.swift; path = DatePickerViewController.swift; sourceTree = "<group>"; };
		CE85634223B5759F000241C2 /* SetReminderViewController.swift */ = {isa = PBXFileReference; lastKnownFileType = sourcecode.swift; path = SetReminderViewController.swift; sourceTree = "<group>"; };
		CE89A69323AF8F6100B70F39 /* LICENSE */ = {isa = PBXFileReference; fileEncoding = 4; lastKnownFileType = text; path = LICENSE; sourceTree = "<group>"; };
		CE89A69423AF8F6100B70F39 /* README.md */ = {isa = PBXFileReference; fileEncoding = 4; lastKnownFileType = net.daringfireball.markdown; path = README.md; sourceTree = "<group>"; };
		CE89A69523AF8F6100B70F39 /* CONTRIBUTING.md */ = {isa = PBXFileReference; fileEncoding = 4; lastKnownFileType = net.daringfireball.markdown; path = CONTRIBUTING.md; sourceTree = "<group>"; };
		CE89A69723AF8F6100B70F39 /* GADTMediumTemplateView.xib */ = {isa = PBXFileReference; fileEncoding = 4; lastKnownFileType = file.xib; path = GADTMediumTemplateView.xib; sourceTree = "<group>"; };
		CE89A69823AF8F6100B70F39 /* GADTTemplateView.h */ = {isa = PBXFileReference; fileEncoding = 4; lastKnownFileType = sourcecode.c.h; path = GADTTemplateView.h; sourceTree = "<group>"; };
		CE89A69923AF8F6100B70F39 /* GADTMediumTemplateView.h */ = {isa = PBXFileReference; fileEncoding = 4; lastKnownFileType = sourcecode.c.h; path = GADTMediumTemplateView.h; sourceTree = "<group>"; };
		CE89A69A23AF8F6100B70F39 /* GADTSmallTemplateView.m */ = {isa = PBXFileReference; fileEncoding = 4; lastKnownFileType = sourcecode.c.objc; path = GADTSmallTemplateView.m; sourceTree = "<group>"; };
		CE89A69B23AF8F6100B70F39 /* GADTSmallTemplateView.xib */ = {isa = PBXFileReference; fileEncoding = 4; lastKnownFileType = file.xib; path = GADTSmallTemplateView.xib; sourceTree = "<group>"; };
		CE89A69C23AF8F6100B70F39 /* GADTTemplateView.m */ = {isa = PBXFileReference; fileEncoding = 4; lastKnownFileType = sourcecode.c.objc; path = GADTTemplateView.m; sourceTree = "<group>"; };
		CE89A69D23AF8F6100B70F39 /* GADTMediumTemplateView.m */ = {isa = PBXFileReference; fileEncoding = 4; lastKnownFileType = sourcecode.c.objc; path = GADTMediumTemplateView.m; sourceTree = "<group>"; };
		CE89A69E23AF8F6100B70F39 /* GADTSmallTemplateView.h */ = {isa = PBXFileReference; fileEncoding = 4; lastKnownFileType = sourcecode.c.h; path = GADTSmallTemplateView.h; sourceTree = "<group>"; };
		CE89A6A723B2359C00B70F39 /* GoogleService-Info.plist */ = {isa = PBXFileReference; fileEncoding = 4; lastKnownFileType = text.plist.xml; path = "GoogleService-Info.plist"; sourceTree = "<group>"; };
		CEEC771423B7C3FD00D2B91B /* WebKitViewController.swift */ = {isa = PBXFileReference; lastKnownFileType = sourcecode.swift; path = WebKitViewController.swift; sourceTree = "<group>"; };
/* End PBXFileReference section */

/* Begin PBXFrameworksBuildPhase section */
		CE3E33A023A65822003C2744 /* Frameworks */ = {
			isa = PBXFrameworksBuildPhase;
			buildActionMask = 2147483647;
			files = (
				3A31C9D20D6E5036BEAC4FE5 /* Pods_Eventually.framework in Frameworks */,
			);
			runOnlyForDeploymentPostprocessing = 0;
		};
/* End PBXFrameworksBuildPhase section */

/* Begin PBXGroup section */
		13565C35A825E853692B9C11 /* Pods */ = {
			isa = PBXGroup;
			children = (
				398CC2E6A9178A1821420E97 /* Pods-Eventually.debug.xcconfig */,
				06129BA3E37DA287AF747AE6 /* Pods-Eventually.release.xcconfig */,
			);
			path = Pods;
			sourceTree = "<group>";
		};
		20AC751296F45B0610E8A2CB /* Frameworks */ = {
			isa = PBXGroup;
			children = (
				7107E80374576575F74A6F75 /* Pods_Eventually.framework */,
			);
			name = Frameworks;
			sourceTree = "<group>";
		};
		CE3E339A23A65822003C2744 = {
			isa = PBXGroup;
			children = (
				CE3E33A523A65822003C2744 /* Eventually */,
				CE3E33A423A65822003C2744 /* Products */,
				13565C35A825E853692B9C11 /* Pods */,
				20AC751296F45B0610E8A2CB /* Frameworks */,
			);
			sourceTree = "<group>";
		};
		CE3E33A423A65822003C2744 /* Products */ = {
			isa = PBXGroup;
			children = (
				CE3E33A323A65822003C2744 /* Eventually.app */,
			);
			name = Products;
			sourceTree = "<group>";
		};
		CE3E33A523A65822003C2744 /* Eventually */ = {
			isa = PBXGroup;
			children = (
				CE3E33C823A66FF0003C2744 /* Views */,
				CE3E33BD23A65925003C2744 /* Models */,
				CE3E33BC23A65910003C2744 /* Controllers */,
				CE3E33A623A65822003C2744 /* AppDelegate.swift */,
				CE3E33A823A65822003C2744 /* SceneDelegate.swift */,
				CE3E33AE23A65822003C2744 /* Main.storyboard */,
				CE3E33B123A65827003C2744 /* Assets.xcassets */,
				CE3E33B323A65827003C2744 /* LaunchScreen.storyboard */,
				CE3E33B623A65827003C2744 /* Info.plist */,
				CE89A6A723B2359C00B70F39 /* GoogleService-Info.plist */,
				CE89A69223AF8F6100B70F39 /* googleads-mobile-ios-native-templates-master */,
			);
			path = Eventually;
			sourceTree = "<group>";
		};
		CE3E33BC23A65910003C2744 /* Controllers */ = {
			isa = PBXGroup;
			children = (
				CE3E33BE23A65948003C2744 /* MasterViewController.swift */,
				CE3E33D123A69ADF003C2744 /* DetailViewController.swift */,
				CE3E33D323A6A1BC003C2744 /* NewEventViewController.swift */,
				CE3E33D523A79F06003C2744 /* SplashViewController.swift */,
				CE3E33D923A7A7CB003C2744 /* SignInViewController.swift */,
				CE3E33DB23A7A896003C2744 /* SignUpViewController.swift */,
				CE85634023B560D6000241C2 /* DatePickerViewController.swift */,
				CE85634223B5759F000241C2 /* SetReminderViewController.swift */,
				CEEC771423B7C3FD00D2B91B /* WebKitViewController.swift */,
			);
			path = Controllers;
			sourceTree = "<group>";
		};
		CE3E33BD23A65925003C2744 /* Models */ = {
			isa = PBXGroup;
			children = (
				CE3E33C023A65995003C2744 /* Event.swift */,
				CE3E33CF23A67661003C2744 /* DateExtension.swift */,
				CE3E33D723A7A5C0003C2744 /* K.swift */,
			);
			path = Models;
			sourceTree = "<group>";
		};
		CE3E33C823A66FF0003C2744 /* Views */ = {
			isa = PBXGroup;
			children = (
				CE3E33CB23A67027003C2744 /* EventTableViewCell.swift */,
				CE3E33CC23A67027003C2744 /* EventTableViewCell.xib */,
			);
			path = Views;
			sourceTree = "<group>";
		};
		CE89A69223AF8F6100B70F39 /* googleads-mobile-ios-native-templates-master */ = {
			isa = PBXGroup;
			children = (
				CE89A69323AF8F6100B70F39 /* LICENSE */,
				CE89A69423AF8F6100B70F39 /* README.md */,
				CE89A69523AF8F6100B70F39 /* CONTRIBUTING.md */,
				CE89A69623AF8F6100B70F39 /* nativetemplates */,
			);
			path = "googleads-mobile-ios-native-templates-master";
			sourceTree = "<group>";
		};
		CE89A69623AF8F6100B70F39 /* nativetemplates */ = {
			isa = PBXGroup;
			children = (
				CE89A69723AF8F6100B70F39 /* GADTMediumTemplateView.xib */,
				CE89A69823AF8F6100B70F39 /* GADTTemplateView.h */,
				CE89A69923AF8F6100B70F39 /* GADTMediumTemplateView.h */,
				CE89A69A23AF8F6100B70F39 /* GADTSmallTemplateView.m */,
				CE89A69B23AF8F6100B70F39 /* GADTSmallTemplateView.xib */,
				CE89A69C23AF8F6100B70F39 /* GADTTemplateView.m */,
				CE89A69D23AF8F6100B70F39 /* GADTMediumTemplateView.m */,
				CE89A69E23AF8F6100B70F39 /* GADTSmallTemplateView.h */,
			);
			path = nativetemplates;
			sourceTree = "<group>";
		};
/* End PBXGroup section */

/* Begin PBXNativeTarget section */
		CE3E33A223A65822003C2744 /* Eventually */ = {
			isa = PBXNativeTarget;
			buildConfigurationList = CE3E33B923A65827003C2744 /* Build configuration list for PBXNativeTarget "Eventually" */;
			buildPhases = (
				330EA6B9CB6C9D5A10522CD2 /* [CP] Check Pods Manifest.lock */,
				CE3E339F23A65822003C2744 /* Sources */,
				CE3E33A023A65822003C2744 /* Frameworks */,
				CE3E33A123A65822003C2744 /* Resources */,
				947BEEE1FC49A198292EF4D6 /* [CP] Embed Pods Frameworks */,
			);
			buildRules = (
			);
			dependencies = (
			);
			name = Eventually;
			productName = Eventually;
			productReference = CE3E33A323A65822003C2744 /* Eventually.app */;
			productType = "com.apple.product-type.application";
		};
/* End PBXNativeTarget section */

/* Begin PBXProject section */
		CE3E339B23A65822003C2744 /* Project object */ = {
			isa = PBXProject;
			attributes = {
				LastSwiftUpdateCheck = 1130;
				LastUpgradeCheck = 1130;
				ORGANIZATIONNAME = "Arthur Ford";
				TargetAttributes = {
					CE3E33A223A65822003C2744 = {
						CreatedOnToolsVersion = 11.3;
					};
				};
			};
			buildConfigurationList = CE3E339E23A65822003C2744 /* Build configuration list for PBXProject "Eventually" */;
			compatibilityVersion = "Xcode 9.3";
			developmentRegion = en;
			hasScannedForEncodings = 0;
			knownRegions = (
				en,
				Base,
			);
			mainGroup = CE3E339A23A65822003C2744;
			productRefGroup = CE3E33A423A65822003C2744 /* Products */;
			projectDirPath = "";
			projectRoot = "";
			targets = (
				CE3E33A223A65822003C2744 /* Eventually */,
			);
		};
/* End PBXProject section */

/* Begin PBXResourcesBuildPhase section */
		CE3E33A123A65822003C2744 /* Resources */ = {
			isa = PBXResourcesBuildPhase;
			buildActionMask = 2147483647;
			files = (
				CE89A6A423AF8F6100B70F39 /* GADTSmallTemplateView.xib in Resources */,
				CE89A69F23AF8F6100B70F39 /* LICENSE in Resources */,
				CE3E33CE23A67027003C2744 /* EventTableViewCell.xib in Resources */,
				CE3E33B523A65827003C2744 /* LaunchScreen.storyboard in Resources */,
				CE89A6A023AF8F6100B70F39 /* README.md in Resources */,
				CE3E33B223A65827003C2744 /* Assets.xcassets in Resources */,
				CE89A6A123AF8F6100B70F39 /* CONTRIBUTING.md in Resources */,
				CE89A6A223AF8F6100B70F39 /* GADTMediumTemplateView.xib in Resources */,
				CE89A6A823B2359D00B70F39 /* GoogleService-Info.plist in Resources */,
				CE3E33B023A65822003C2744 /* Main.storyboard in Resources */,
			);
			runOnlyForDeploymentPostprocessing = 0;
		};
/* End PBXResourcesBuildPhase section */

/* Begin PBXShellScriptBuildPhase section */
		330EA6B9CB6C9D5A10522CD2 /* [CP] Check Pods Manifest.lock */ = {
			isa = PBXShellScriptBuildPhase;
			buildActionMask = 2147483647;
			files = (
			);
			inputFileListPaths = (
			);
			inputPaths = (
				"${PODS_PODFILE_DIR_PATH}/Podfile.lock",
				"${PODS_ROOT}/Manifest.lock",
			);
			name = "[CP] Check Pods Manifest.lock";
			outputFileListPaths = (
			);
			outputPaths = (
				"$(DERIVED_FILE_DIR)/Pods-Eventually-checkManifestLockResult.txt",
			);
			runOnlyForDeploymentPostprocessing = 0;
			shellPath = /bin/sh;
			shellScript = "diff \"${PODS_PODFILE_DIR_PATH}/Podfile.lock\" \"${PODS_ROOT}/Manifest.lock\" > /dev/null\nif [ $? != 0 ] ; then\n    # print error to STDERR\n    echo \"error: The sandbox is not in sync with the Podfile.lock. Run 'pod install' or update your CocoaPods installation.\" >&2\n    exit 1\nfi\n# This output is used by Xcode 'outputs' to avoid re-running this script phase.\necho \"SUCCESS\" > \"${SCRIPT_OUTPUT_FILE_0}\"\n";
			showEnvVarsInLog = 0;
		};
		947BEEE1FC49A198292EF4D6 /* [CP] Embed Pods Frameworks */ = {
			isa = PBXShellScriptBuildPhase;
			buildActionMask = 2147483647;
			files = (
			);
			inputFileListPaths = (
				"${PODS_ROOT}/Target Support Files/Pods-Eventually/Pods-Eventually-frameworks-${CONFIGURATION}-input-files.xcfilelist",
			);
			name = "[CP] Embed Pods Frameworks";
			outputFileListPaths = (
				"${PODS_ROOT}/Target Support Files/Pods-Eventually/Pods-Eventually-frameworks-${CONFIGURATION}-output-files.xcfilelist",
			);
			runOnlyForDeploymentPostprocessing = 0;
			shellPath = /bin/sh;
			shellScript = "\"${PODS_ROOT}/Target Support Files/Pods-Eventually/Pods-Eventually-frameworks.sh\"\n";
			showEnvVarsInLog = 0;
		};
/* End PBXShellScriptBuildPhase section */

/* Begin PBXSourcesBuildPhase section */
		CE3E339F23A65822003C2744 /* Sources */ = {
			isa = PBXSourcesBuildPhase;
			buildActionMask = 2147483647;
			files = (
				CE3E33DA23A7A7CB003C2744 /* SignInViewController.swift in Sources */,
				CE85634323B5759F000241C2 /* SetReminderViewController.swift in Sources */,
				CE3E33C123A65995003C2744 /* Event.swift in Sources */,
				CE3E33D823A7A5C0003C2744 /* K.swift in Sources */,
				CE3E33D023A67661003C2744 /* DateExtension.swift in Sources */,
				CE3E33D423A6A1BC003C2744 /* NewEventViewController.swift in Sources */,
				CE89A6A323AF8F6100B70F39 /* GADTSmallTemplateView.m in Sources */,
				CE89A6A523AF8F6100B70F39 /* GADTTemplateView.m in Sources */,
				CEEC771523B7C3FD00D2B91B /* WebKitViewController.swift in Sources */,
				CE3E33A723A65822003C2744 /* AppDelegate.swift in Sources */,
				CE3E33DC23A7A896003C2744 /* SignUpViewController.swift in Sources */,
				CE3E33A923A65822003C2744 /* SceneDelegate.swift in Sources */,
				CE89A6A623AF8F6100B70F39 /* GADTMediumTemplateView.m in Sources */,
				CE85634123B560D6000241C2 /* DatePickerViewController.swift in Sources */,
				CE3E33D623A79F06003C2744 /* SplashViewController.swift in Sources */,
				CE3E33CD23A67027003C2744 /* EventTableViewCell.swift in Sources */,
				CE3E33BF23A65948003C2744 /* MasterViewController.swift in Sources */,
				CE3E33D223A69ADF003C2744 /* DetailViewController.swift in Sources */,
			);
			runOnlyForDeploymentPostprocessing = 0;
		};
/* End PBXSourcesBuildPhase section */

/* Begin PBXVariantGroup section */
		CE3E33AE23A65822003C2744 /* Main.storyboard */ = {
			isa = PBXVariantGroup;
			children = (
				CE3E33AF23A65822003C2744 /* Base */,
			);
			name = Main.storyboard;
			sourceTree = "<group>";
		};
		CE3E33B323A65827003C2744 /* LaunchScreen.storyboard */ = {
			isa = PBXVariantGroup;
			children = (
				CE3E33B423A65827003C2744 /* Base */,
			);
			name = LaunchScreen.storyboard;
			sourceTree = "<group>";
		};
/* End PBXVariantGroup section */

/* Begin XCBuildConfiguration section */
		CE3E33B723A65827003C2744 /* Debug */ = {
			isa = XCBuildConfiguration;
			buildSettings = {
				ALWAYS_SEARCH_USER_PATHS = NO;
				CLANG_ANALYZER_NONNULL = YES;
				CLANG_ANALYZER_NUMBER_OBJECT_CONVERSION = YES_AGGRESSIVE;
				CLANG_CXX_LANGUAGE_STANDARD = "gnu++14";
				CLANG_CXX_LIBRARY = "libc++";
				CLANG_ENABLE_MODULES = YES;
				CLANG_ENABLE_OBJC_ARC = YES;
				CLANG_ENABLE_OBJC_WEAK = YES;
				CLANG_WARN_BLOCK_CAPTURE_AUTORELEASING = YES;
				CLANG_WARN_BOOL_CONVERSION = YES;
				CLANG_WARN_COMMA = YES;
				CLANG_WARN_CONSTANT_CONVERSION = YES;
				CLANG_WARN_DEPRECATED_OBJC_IMPLEMENTATIONS = YES;
				CLANG_WARN_DIRECT_OBJC_ISA_USAGE = YES_ERROR;
				CLANG_WARN_DOCUMENTATION_COMMENTS = YES;
				CLANG_WARN_EMPTY_BODY = YES;
				CLANG_WARN_ENUM_CONVERSION = YES;
				CLANG_WARN_INFINITE_RECURSION = YES;
				CLANG_WARN_INT_CONVERSION = YES;
				CLANG_WARN_NON_LITERAL_NULL_CONVERSION = YES;
				CLANG_WARN_OBJC_IMPLICIT_RETAIN_SELF = YES;
				CLANG_WARN_OBJC_LITERAL_CONVERSION = YES;
				CLANG_WARN_OBJC_ROOT_CLASS = YES_ERROR;
				CLANG_WARN_RANGE_LOOP_ANALYSIS = YES;
				CLANG_WARN_STRICT_PROTOTYPES = YES;
				CLANG_WARN_SUSPICIOUS_MOVE = YES;
				CLANG_WARN_UNGUARDED_AVAILABILITY = YES_AGGRESSIVE;
				CLANG_WARN_UNREACHABLE_CODE = YES;
				CLANG_WARN__DUPLICATE_METHOD_MATCH = YES;
				COPY_PHASE_STRIP = NO;
				DEBUG_INFORMATION_FORMAT = dwarf;
				ENABLE_STRICT_OBJC_MSGSEND = YES;
				ENABLE_TESTABILITY = YES;
				GCC_C_LANGUAGE_STANDARD = gnu11;
				GCC_DYNAMIC_NO_PIC = NO;
				GCC_NO_COMMON_BLOCKS = YES;
				GCC_OPTIMIZATION_LEVEL = 0;
				GCC_PREPROCESSOR_DEFINITIONS = (
					"DEBUG=1",
					"$(inherited)",
				);
				GCC_WARN_64_TO_32_BIT_CONVERSION = YES;
				GCC_WARN_ABOUT_RETURN_TYPE = YES_ERROR;
				GCC_WARN_UNDECLARED_SELECTOR = YES;
				GCC_WARN_UNINITIALIZED_AUTOS = YES_AGGRESSIVE;
				GCC_WARN_UNUSED_FUNCTION = YES;
				GCC_WARN_UNUSED_VARIABLE = YES;
				IPHONEOS_DEPLOYMENT_TARGET = 13.2;
				MTL_ENABLE_DEBUG_INFO = INCLUDE_SOURCE;
				MTL_FAST_MATH = YES;
				ONLY_ACTIVE_ARCH = YES;
				SDKROOT = iphoneos;
				SWIFT_ACTIVE_COMPILATION_CONDITIONS = DEBUG;
				SWIFT_OPTIMIZATION_LEVEL = "-Onone";
			};
			name = Debug;
		};
		CE3E33B823A65827003C2744 /* Release */ = {
			isa = XCBuildConfiguration;
			buildSettings = {
				ALWAYS_SEARCH_USER_PATHS = NO;
				CLANG_ANALYZER_NONNULL = YES;
				CLANG_ANALYZER_NUMBER_OBJECT_CONVERSION = YES_AGGRESSIVE;
				CLANG_CXX_LANGUAGE_STANDARD = "gnu++14";
				CLANG_CXX_LIBRARY = "libc++";
				CLANG_ENABLE_MODULES = YES;
				CLANG_ENABLE_OBJC_ARC = YES;
				CLANG_ENABLE_OBJC_WEAK = YES;
				CLANG_WARN_BLOCK_CAPTURE_AUTORELEASING = YES;
				CLANG_WARN_BOOL_CONVERSION = YES;
				CLANG_WARN_COMMA = YES;
				CLANG_WARN_CONSTANT_CONVERSION = YES;
				CLANG_WARN_DEPRECATED_OBJC_IMPLEMENTATIONS = YES;
				CLANG_WARN_DIRECT_OBJC_ISA_USAGE = YES_ERROR;
				CLANG_WARN_DOCUMENTATION_COMMENTS = YES;
				CLANG_WARN_EMPTY_BODY = YES;
				CLANG_WARN_ENUM_CONVERSION = YES;
				CLANG_WARN_INFINITE_RECURSION = YES;
				CLANG_WARN_INT_CONVERSION = YES;
				CLANG_WARN_NON_LITERAL_NULL_CONVERSION = YES;
				CLANG_WARN_OBJC_IMPLICIT_RETAIN_SELF = YES;
				CLANG_WARN_OBJC_LITERAL_CONVERSION = YES;
				CLANG_WARN_OBJC_ROOT_CLASS = YES_ERROR;
				CLANG_WARN_RANGE_LOOP_ANALYSIS = YES;
				CLANG_WARN_STRICT_PROTOTYPES = YES;
				CLANG_WARN_SUSPICIOUS_MOVE = YES;
				CLANG_WARN_UNGUARDED_AVAILABILITY = YES_AGGRESSIVE;
				CLANG_WARN_UNREACHABLE_CODE = YES;
				CLANG_WARN__DUPLICATE_METHOD_MATCH = YES;
				COPY_PHASE_STRIP = NO;
				DEBUG_INFORMATION_FORMAT = "dwarf-with-dsym";
				ENABLE_NS_ASSERTIONS = NO;
				ENABLE_STRICT_OBJC_MSGSEND = YES;
				GCC_C_LANGUAGE_STANDARD = gnu11;
				GCC_NO_COMMON_BLOCKS = YES;
				GCC_WARN_64_TO_32_BIT_CONVERSION = YES;
				GCC_WARN_ABOUT_RETURN_TYPE = YES_ERROR;
				GCC_WARN_UNDECLARED_SELECTOR = YES;
				GCC_WARN_UNINITIALIZED_AUTOS = YES_AGGRESSIVE;
				GCC_WARN_UNUSED_FUNCTION = YES;
				GCC_WARN_UNUSED_VARIABLE = YES;
				IPHONEOS_DEPLOYMENT_TARGET = 13.2;
				MTL_ENABLE_DEBUG_INFO = NO;
				MTL_FAST_MATH = YES;
				SDKROOT = iphoneos;
				SWIFT_COMPILATION_MODE = wholemodule;
				SWIFT_OPTIMIZATION_LEVEL = "-O";
				VALIDATE_PRODUCT = YES;
			};
			name = Release;
		};
		CE3E33BA23A65827003C2744 /* Debug */ = {
			isa = XCBuildConfiguration;
			baseConfigurationReference = 398CC2E6A9178A1821420E97 /* Pods-Eventually.debug.xcconfig */;
			buildSettings = {
				ASSETCATALOG_COMPILER_APPICON_NAME = AppIcon;
				CODE_SIGN_STYLE = Automatic;
				CURRENT_PROJECT_VERSION = 3;
				DEVELOPMENT_TEAM = SLB347Y94F;
				INFOPLIST_FILE = Eventually/Info.plist;
				LD_RUNPATH_SEARCH_PATHS = (
					"$(inherited)",
					"@executable_path/Frameworks",
				);
				MARKETING_VERSION = 1.2;
				PRODUCT_BUNDLE_IDENTIFIER = info.arthurford.Eventually;
				PRODUCT_NAME = "$(TARGET_NAME)";
				SWIFT_VERSION = 5.0;
				TARGETED_DEVICE_FAMILY = 1;
			};
			name = Debug;
		};
		CE3E33BB23A65827003C2744 /* Release */ = {
			isa = XCBuildConfiguration;
			baseConfigurationReference = 06129BA3E37DA287AF747AE6 /* Pods-Eventually.release.xcconfig */;
			buildSettings = {
				ASSETCATALOG_COMPILER_APPICON_NAME = AppIcon;
				CODE_SIGN_STYLE = Automatic;
				CURRENT_PROJECT_VERSION = 3;
				DEVELOPMENT_TEAM = SLB347Y94F;
				INFOPLIST_FILE = Eventually/Info.plist;
				LD_RUNPATH_SEARCH_PATHS = (
					"$(inherited)",
					"@executable_path/Frameworks",
				);
				MARKETING_VERSION = 1.2;
				PRODUCT_BUNDLE_IDENTIFIER = info.arthurford.Eventually;
				PRODUCT_NAME = "$(TARGET_NAME)";
				SWIFT_VERSION = 5.0;
				TARGETED_DEVICE_FAMILY = 1;
			};
			name = Release;
		};
/* End XCBuildConfiguration section */

/* Begin XCConfigurationList section */
		CE3E339E23A65822003C2744 /* Build configuration list for PBXProject "Eventually" */ = {
			isa = XCConfigurationList;
			buildConfigurations = (
				CE3E33B723A65827003C2744 /* Debug */,
				CE3E33B823A65827003C2744 /* Release */,
			);
			defaultConfigurationIsVisible = 0;
			defaultConfigurationName = Release;
		};
		CE3E33B923A65827003C2744 /* Build configuration list for PBXNativeTarget "Eventually" */ = {
			isa = XCConfigurationList;
			buildConfigurations = (
				CE3E33BA23A65827003C2744 /* Debug */,
				CE3E33BB23A65827003C2744 /* Release */,
			);
			defaultConfigurationIsVisible = 0;
			defaultConfigurationName = Release;
		};
/* End XCConfigurationList section */
	};
	rootObject = CE3E339B23A65822003C2744 /* Project object */;
}
